
Microsoft Visual Studio Solution File, Format Version 12.00
# Visual Studio Version 17
VisualStudioVersion = 17.0.32014.148
MinimumVisualStudioVersion = 10.0.40219.1
Project("{9A19103F-16F7-4668-BE54-9A1E7A4F7556}") = "backend", "backend.csproj", "{979A2905-1B72-4EF2-B498-B9325DC7EFEA}"
EndProject
Project("{54A90642-561A-4BB1-A94E-469ADEE60C69}") = "frontend", "..\frontend\frontend.esproj", "{F895CF94-51F8-412F-8559-90E5A8616962}"
EndProject
Global
	GlobalSection(SolutionConfigurationPlatforms) = preSolution
		Debug|Any CPU = Debug|Any CPU
		Release|Any CPU = Release|Any CPU
	EndGlobalSection
	GlobalSection(ProjectConfigurationPlatforms) = postSolution
		{979A2905-1B72-4EF2-B498-B9325DC7EFEA}.Debug|Any CPU.ActiveCfg = Debug|Any CPU
		{979A2905-1B72-4EF2-B498-B9325DC7EFEA}.Debug|Any CPU.Build.0 = Debug|Any CPU
		{979A2905-1B72-4EF2-B498-B9325DC7EFEA}.Release|Any CPU.ActiveCfg = Release|Any CPU
		{979A2905-1B72-4EF2-B498-B9325DC7EFEA}.Release|Any CPU.Build.0 = Release|Any CPU
		{F895CF94-51F8-412F-8559-90E5A8616962}.Debug|Any CPU.ActiveCfg = Debug|Any CPU
		{F895CF94-51F8-412F-8559-90E5A8616962}.Debug|Any CPU.Build.0 = Debug|Any CPU
		{F895CF94-51F8-412F-8559-90E5A8616962}.Debug|Any CPU.Deploy.0 = Debug|Any CPU
		{F895CF94-51F8-412F-8559-90E5A8616962}.Release|Any CPU.ActiveCfg = Release|Any CPU
		{F895CF94-51F8-412F-8559-90E5A8616962}.Release|Any CPU.Build.0 = Release|Any CPU
		{F895CF94-51F8-412F-8559-90E5A8616962}.Release|Any CPU.Deploy.0 = Release|Any CPU
	EndGlobalSection
	GlobalSection(SolutionProperties) = preSolution
		HideSolutionNode = FALSE
	EndGlobalSection
	GlobalSection(ExtensibilityGlobals) = postSolution
		SolutionGuid = {6F5400D6-F5EA-48FD-B213-EBF7121FEA3D}
	EndGlobalSection
EndGlobal
